{
  "name": "Home_Service",
  "lockfileVersion": 3,
  "requires": true,
  "packages": {
    "": {
      "dependencies": {
        "libphonenumber-js": "^1.11.14"
      }
    },
    "node_modules/libphonenumber-js": {
      "version": "1.11.14",
      "resolved": "https://registry.npmjs.org/libphonenumber-js/-/libphonenumber-js-1.11.14.tgz",
      "integrity": "sha512-sexvAfwcW1Lqws4zFp8heAtAEXbEDnvkYCEGzvOoMgZR7JhXo/IkE9MkkGACgBed5fWqh3ShBGnJBdDnU9N8EQ==",
      "license": "MIT"
    }
  }
}
